
Microsoft Visual Studio Solution File, Format Version 12.00
# Visual Studio Version 17
VisualStudioVersion = 17.7.34031.279
MinimumVisualStudioVersion = 10.0.40219.1
Project("{FAE04EC0-301F-11D3-BF4B-00C04F79EFBC}") = "StackMergeSort", "StackMergeSort\StackMergeSort.csproj", "{5C40EE62-BEA6-4844-82A2-96F7DC7D78D4}"
EndProject
Global
	GlobalSection(SolutionConfigurationPlatforms) = preSolution
		Debug|Any CPU = Debug|Any CPU
		Release|Any CPU = Release|Any CPU
	EndGlobalSection
	GlobalSection(ProjectConfigurationPlatforms) = postSolution
		{5C40EE62-BEA6-4844-82A2-96F7DC7D78D4}.Debug|Any CPU.ActiveCfg = Debug|Any CPU
		{5C40EE62-BEA6-4844-82A2-96F7DC7D78D4}.Debug|Any CPU.Build.0 = Debug|Any CPU
		{5C40EE62-BEA6-4844-82A2-96F7DC7D78D4}.Release|Any CPU.ActiveCfg = Release|Any CPU
		{5C40EE62-BEA6-4844-82A2-96F7DC7D78D4}.Release|Any CPU.Build.0 = Release|Any CPU
	EndGlobalSection
	GlobalSection(SolutionProperties) = preSolution
		HideSolutionNode = FALSE
	EndGlobalSection
	GlobalSection(ExtensibilityGlobals) = postSolution
		SolutionGuid = {19AE7EF0-3784-4777-903E-0641F17DB088}
	EndGlobalSection
EndGlobal
